
Microsoft Visual Studio Solution File, Format Version 12.00
# Visual Studio Version 16
VisualStudioVersion = 16.0.29728.190
MinimumVisualStudioVersion = 10.0.40219.1
Project("{FAE04EC0-301F-11D3-BF4B-00C04F79EFBC}") = "Task8", "Task8\Task8.csproj", "{EDFA8606-5797-4A8E-B021-BE319E772FE0}"
EndProject
Global
	GlobalSection(SolutionConfigurationPlatforms) = preSolution
		Debug|Any CPU = Debug|Any CPU
		Release|Any CPU = Release|Any CPU
	EndGlobalSection
	GlobalSection(ProjectConfigurationPlatforms) = postSolution
		{EDFA8606-5797-4A8E-B021-BE319E772FE0}.Debug|Any CPU.ActiveCfg = Debug|Any CPU
		{EDFA8606-5797-4A8E-B021-BE319E772FE0}.Debug|Any CPU.Build.0 = Debug|Any CPU
		{EDFA8606-5797-4A8E-B021-BE319E772FE0}.Release|Any CPU.ActiveCfg = Release|Any CPU
		{EDFA8606-5797-4A8E-B021-BE319E772FE0}.Release|Any CPU.Build.0 = Release|Any CPU
	EndGlobalSection
	GlobalSection(SolutionProperties) = preSolution
		HideSolutionNode = FALSE
	EndGlobalSection
	GlobalSection(ExtensibilityGlobals) = postSolution
		SolutionGuid = {9BCEC3CD-827B-4611-8F95-B7E7E27FB6FB}
	EndGlobalSection
EndGlobal
