
Microsoft Visual Studio Solution File, Format Version 12.00
# Visual Studio Version 16
VisualStudioVersion = 16.0.29728.190
MinimumVisualStudioVersion = 10.0.40219.1
Project("{FAE04EC0-301F-11D3-BF4B-00C04F79EFBC}") = "Task11", "Task11\Task11.csproj", "{F466FD8D-BE08-4C8B-9414-1E578BE7C24B}"
EndProject
Global
	GlobalSection(SolutionConfigurationPlatforms) = preSolution
		Debug|Any CPU = Debug|Any CPU
		Release|Any CPU = Release|Any CPU
	EndGlobalSection
	GlobalSection(ProjectConfigurationPlatforms) = postSolution
		{F466FD8D-BE08-4C8B-9414-1E578BE7C24B}.Debug|Any CPU.ActiveCfg = Debug|Any CPU
		{F466FD8D-BE08-4C8B-9414-1E578BE7C24B}.Debug|Any CPU.Build.0 = Debug|Any CPU
		{F466FD8D-BE08-4C8B-9414-1E578BE7C24B}.Release|Any CPU.ActiveCfg = Release|Any CPU
		{F466FD8D-BE08-4C8B-9414-1E578BE7C24B}.Release|Any CPU.Build.0 = Release|Any CPU
	EndGlobalSection
	GlobalSection(SolutionProperties) = preSolution
		HideSolutionNode = FALSE
	EndGlobalSection
	GlobalSection(ExtensibilityGlobals) = postSolution
		SolutionGuid = {CCAE6881-52F2-4740-BBE0-C1904A926D7A}
	EndGlobalSection
EndGlobal
